
Microsoft Visual Studio Solution File, Format Version 12.00
# Visual Studio Version 17
VisualStudioVersion = 17.13.35806.99
MinimumVisualStudioVersion = 10.0.40219.1
Project("{FAE04EC0-301F-11D3-BF4B-00C04F79EFBC}") = "u22543024_HW01_API", "u22543024_HW01_API\u22543024_HW01_API.csproj", "{1CB63329-30B7-4488-858E-D0BC34E833E4}"
EndProject
Global
	GlobalSection(SolutionConfigurationPlatforms) = preSolution
		Debug|Any CPU = Debug|Any CPU
		Release|Any CPU = Release|Any CPU
	EndGlobalSection
	GlobalSection(ProjectConfigurationPlatforms) = postSolution
		{1CB63329-30B7-4488-858E-D0BC34E833E4}.Debug|Any CPU.ActiveCfg = Debug|Any CPU
		{1CB63329-30B7-4488-858E-D0BC34E833E4}.Debug|Any CPU.Build.0 = Debug|Any CPU
		{1CB63329-30B7-4488-858E-D0BC34E833E4}.Release|Any CPU.ActiveCfg = Release|Any CPU
		{1CB63329-30B7-4488-858E-D0BC34E833E4}.Release|Any CPU.Build.0 = Release|Any CPU
	EndGlobalSection
	GlobalSection(SolutionProperties) = preSolution
		HideSolutionNode = FALSE
	EndGlobalSection
	GlobalSection(ExtensibilityGlobals) = postSolution
		SolutionGuid = {032A42CC-0C20-4173-84B0-FCEAAD6302AA}
	EndGlobalSection
EndGlobal
